
Microsoft Visual Studio Solution File, Format Version 12.00
# Visual Studio Version 17
VisualStudioVersion = 17.14.36327.8
MinimumVisualStudioVersion = 10.0.40219.1
Project("{FAE04EC0-301F-11D3-BF4B-00C04F79EFBC}") = "C44-G03-OOP04", "C44-G03-OOP04\C44-G03-OOP04.csproj", "{5FFD6689-2616-4DF9-8E84-8CA526403CE5}"
EndProject
Project("{FAE04EC0-301F-11D3-BF4B-00C04F79EFBC}") = "Assignment", "Assignment\Assignment.csproj", "{C65FA4D5-8E18-4463-A432-AEF60AC3530C}"
EndProject
Global
	GlobalSection(SolutionConfigurationPlatforms) = preSolution
		Debug|Any CPU = Debug|Any CPU
		Release|Any CPU = Release|Any CPU
	EndGlobalSection
	GlobalSection(ProjectConfigurationPlatforms) = postSolution
		{5FFD6689-2616-4DF9-8E84-8CA526403CE5}.Debug|Any CPU.ActiveCfg = Debug|Any CPU
		{5FFD6689-2616-4DF9-8E84-8CA526403CE5}.Debug|Any CPU.Build.0 = Debug|Any CPU
		{5FFD6689-2616-4DF9-8E84-8CA526403CE5}.Release|Any CPU.ActiveCfg = Release|Any CPU
		{5FFD6689-2616-4DF9-8E84-8CA526403CE5}.Release|Any CPU.Build.0 = Release|Any CPU
		{C65FA4D5-8E18-4463-A432-AEF60AC3530C}.Debug|Any CPU.ActiveCfg = Debug|Any CPU
		{C65FA4D5-8E18-4463-A432-AEF60AC3530C}.Debug|Any CPU.Build.0 = Debug|Any CPU
		{C65FA4D5-8E18-4463-A432-AEF60AC3530C}.Release|Any CPU.ActiveCfg = Release|Any CPU
		{C65FA4D5-8E18-4463-A432-AEF60AC3530C}.Release|Any CPU.Build.0 = Release|Any CPU
	EndGlobalSection
	GlobalSection(SolutionProperties) = preSolution
		HideSolutionNode = FALSE
	EndGlobalSection
	GlobalSection(ExtensibilityGlobals) = postSolution
		SolutionGuid = {1BC25E4F-199C-42D9-BC84-1697E06CA95A}
	EndGlobalSection
EndGlobal
